
Microsoft Visual Studio Solution File, Format Version 12.00
# Visual Studio Version 17
VisualStudioVersion = 17.8.34525.116
MinimumVisualStudioVersion = 10.0.40219.1
Project("{9A19103F-16F7-4668-BE54-9A1E7A4F7556}") = "CSE6602", "AspNetCoreMvcSharedLocalization\AspNetCoreMvcSharedLocalization.csproj", "{FBAA73DF-1AF8-4508-A4B2-DA99BF02DC64}"
EndProject
Global
	GlobalSection(SolutionConfigurationPlatforms) = preSolution
		Debug|Any CPU = Debug|Any CPU
		Release|Any CPU = Release|Any CPU
	EndGlobalSection
	GlobalSection(ProjectConfigurationPlatforms) = postSolution
		{FBAA73DF-1AF8-4508-A4B2-DA99BF02DC64}.Debug|Any CPU.ActiveCfg = Debug|Any CPU
		{FBAA73DF-1AF8-4508-A4B2-DA99BF02DC64}.Debug|Any CPU.Build.0 = Debug|Any CPU
		{FBAA73DF-1AF8-4508-A4B2-DA99BF02DC64}.Release|Any CPU.ActiveCfg = Release|Any CPU
		{FBAA73DF-1AF8-4508-A4B2-DA99BF02DC64}.Release|Any CPU.Build.0 = Release|Any CPU
	EndGlobalSection
	GlobalSection(SolutionProperties) = preSolution
		HideSolutionNode = FALSE
	EndGlobalSection
	GlobalSection(ExtensibilityGlobals) = postSolution
		SolutionGuid = {44768389-B2D1-47A3-B1F1-74D0422B0C08}
	EndGlobalSection
EndGlobal
